
Microsoft Visual Studio Solution File, Format Version 12.00
# Visual Studio Version 17
VisualStudioVersion = 17.9.34902.65
MinimumVisualStudioVersion = 10.0.40219.1
Project("{2150E333-8FDC-42A3-9474-1A3956D46DE8}") = "src", "src", "{DF82217A-7C98-4AFE-B667-27143B68737F}"
EndProject
Project("{2150E333-8FDC-42A3-9474-1A3956D46DE8}") = "test", "test", "{1446178F-3979-4604-A4E3-7140F60A6A97}"
EndProject
Project("{9A19103F-16F7-4668-BE54-9A1E7A4F7556}") = "Solucao.RH.Customers.Api", "src\Solucao.RH.Customers.Api\Solucao.RH.Customers.Api.csproj", "{BB7AA1B7-8D46-4D66-B648-F593377346D2}"
EndProject
Project("{9A19103F-16F7-4668-BE54-9A1E7A4F7556}") = "Solucao.RH.Customers.Business", "src\Solucao.RH.Customers.Business\Solucao.RH.Customers.Business.csproj", "{FED4271E-A2AF-450A-99E2-1F9DACDD6109}"
EndProject
Project("{9A19103F-16F7-4668-BE54-9A1E7A4F7556}") = "Solucao.RH.Customers.Data", "src\Solucao.RH.Customers.Data\Solucao.RH.Customers.Data.csproj", "{D086296B-CE6A-4D9B-A2B7-7CCD6D52B943}"
EndProject
Project("{2150E333-8FDC-42A3-9474-1A3956D46DE8}") = "resource", "resource", "{1205CE6A-7273-411F-941D-811E418A171B}"
	ProjectSection(SolutionItems) = preProject
		Dockerfile = Dockerfile
	EndProjectSection
EndProject
Project("{FAE04EC0-301F-11D3-BF4B-00C04F79EFBC}") = "Solucao.RH.Customers.Anticorruption", "src\Solucao.RH.Customers.Anticorruption\Solucao.RH.Customers.Anticorruption.csproj", "{236DE755-38EB-4CBF-A8D7-4AB6BED5C0AC}"
EndProject
Global
	GlobalSection(SolutionConfigurationPlatforms) = preSolution
		Debug|Any CPU = Debug|Any CPU
		Release|Any CPU = Release|Any CPU
	EndGlobalSection
	GlobalSection(ProjectConfigurationPlatforms) = postSolution
		{BB7AA1B7-8D46-4D66-B648-F593377346D2}.Debug|Any CPU.ActiveCfg = Debug|Any CPU
		{BB7AA1B7-8D46-4D66-B648-F593377346D2}.Debug|Any CPU.Build.0 = Debug|Any CPU
		{BB7AA1B7-8D46-4D66-B648-F593377346D2}.Release|Any CPU.ActiveCfg = Release|Any CPU
		{BB7AA1B7-8D46-4D66-B648-F593377346D2}.Release|Any CPU.Build.0 = Release|Any CPU
		{FED4271E-A2AF-450A-99E2-1F9DACDD6109}.Debug|Any CPU.ActiveCfg = Debug|Any CPU
		{FED4271E-A2AF-450A-99E2-1F9DACDD6109}.Debug|Any CPU.Build.0 = Debug|Any CPU
		{FED4271E-A2AF-450A-99E2-1F9DACDD6109}.Release|Any CPU.ActiveCfg = Release|Any CPU
		{FED4271E-A2AF-450A-99E2-1F9DACDD6109}.Release|Any CPU.Build.0 = Release|Any CPU
		{D086296B-CE6A-4D9B-A2B7-7CCD6D52B943}.Debug|Any CPU.ActiveCfg = Debug|Any CPU
		{D086296B-CE6A-4D9B-A2B7-7CCD6D52B943}.Debug|Any CPU.Build.0 = Debug|Any CPU
		{D086296B-CE6A-4D9B-A2B7-7CCD6D52B943}.Release|Any CPU.ActiveCfg = Release|Any CPU
		{D086296B-CE6A-4D9B-A2B7-7CCD6D52B943}.Release|Any CPU.Build.0 = Release|Any CPU
		{236DE755-38EB-4CBF-A8D7-4AB6BED5C0AC}.Debug|Any CPU.ActiveCfg = Debug|Any CPU
		{236DE755-38EB-4CBF-A8D7-4AB6BED5C0AC}.Debug|Any CPU.Build.0 = Debug|Any CPU
		{236DE755-38EB-4CBF-A8D7-4AB6BED5C0AC}.Release|Any CPU.ActiveCfg = Release|Any CPU
		{236DE755-38EB-4CBF-A8D7-4AB6BED5C0AC}.Release|Any CPU.Build.0 = Release|Any CPU
	EndGlobalSection
	GlobalSection(SolutionProperties) = preSolution
		HideSolutionNode = FALSE
	EndGlobalSection
	GlobalSection(NestedProjects) = preSolution
		{BB7AA1B7-8D46-4D66-B648-F593377346D2} = {DF82217A-7C98-4AFE-B667-27143B68737F}
		{FED4271E-A2AF-450A-99E2-1F9DACDD6109} = {DF82217A-7C98-4AFE-B667-27143B68737F}
		{D086296B-CE6A-4D9B-A2B7-7CCD6D52B943} = {DF82217A-7C98-4AFE-B667-27143B68737F}
		{236DE755-38EB-4CBF-A8D7-4AB6BED5C0AC} = {DF82217A-7C98-4AFE-B667-27143B68737F}
	EndGlobalSection
	GlobalSection(ExtensibilityGlobals) = postSolution
		SolutionGuid = {C61FE86B-D95E-43ED-B113-DDDC5CE7777E}
	EndGlobalSection
EndGlobal
